// !$*UTF8*$!
{
	archiveVersion = 1;
	classes = {
	};
	objectVersion = 46;
	objects = {

/* Begin PBXBuildFile section */
		BC1BA3A116AB1EF300810E76 /* UIKit.framework in Frameworks */ = {isa = PBXBuildFile; fileRef = BC1BA3A016AB1EF300810E76 /* UIKit.framework */; };
		BC1BA3A316AB1EF300810E76 /* Foundation.framework in Frameworks */ = {isa = PBXBuildFile; fileRef = BC1BA3A216AB1EF300810E76 /* Foundation.framework */; };
		BC1BA3A516AB1EF300810E76 /* CoreGraphics.framework in Frameworks */ = {isa = PBXBuildFile; fileRef = BC1BA3A416AB1EF300810E76 /* CoreGraphics.framework */; };
		BC1BA3AB16AB1EF300810E76 /* InfoPlist.strings in Resources */ = {isa = PBXBuildFile; fileRef = BC1BA3A916AB1EF300810E76 /* InfoPlist.strings */; };
		BC1BA3AD16AB1EF300810E76 /* main.m in Sources */ = {isa = PBXBuildFile; fileRef = BC1BA3AC16AB1EF300810E76 /* main.m */; };
		BC1BA3B116AB1EF300810E76 /* BullsEyeAppDelegate.m in Sources */ = {isa = PBXBuildFile; fileRef = BC1BA3B016AB1EF300810E76 /* BullsEyeAppDelegate.m */; };
		BC1BA3B316AB1EF300810E76 /* Default.png in Resources */ = {isa = PBXBuildFile; fileRef = BC1BA3B216AB1EF300810E76 /* Default.png */; };
		BC1BA3B516AB1EF300810E76 /* Default@2x.png in Resources */ = {isa = PBXBuildFile; fileRef = BC1BA3B416AB1EF300810E76 /* Default@2x.png */; };
		BC1BA3B716AB1EF300810E76 /* Default-568h@2x.png in Resources */ = {isa = PBXBuildFile; fileRef = BC1BA3B616AB1EF300810E76 /* Default-568h@2x.png */; };
		BC1BA3BA16AB1EF300810E76 /* BullsEyeViewController.m in Sources */ = {isa = PBXBuildFile; fileRef = BC1BA3B916AB1EF300810E76 /* BullsEyeViewController.m */; };
		BC1BA3BD16AB1EF300810E76 /* BullsEyeViewController.xib in Resources */ = {isa = PBXBuildFile; fileRef = BC1BA3BB16AB1EF300810E76 /* BullsEyeViewController.xib */; };
		BC370AD316AC64F90053F662 /* AboutViewController.m in Sources */ = {isa = PBXBuildFile; fileRef = BC370AD116AC64F90053F662 /* AboutViewController.m */; };
		BC370AD416AC64F90053F662 /* AboutViewController.xib in Resources */ = {isa = PBXBuildFile; fileRef = BC370AD216AC64F90053F662 /* AboutViewController.xib */; };
		BCBA2A8416ADA20B007CBBC4 /* Background.png in Resources */ = {isa = PBXBuildFile; fileRef = BCBA2A7B16ADA20B007CBBC4 /* Background.png */; };
		BCBA2A8516ADA20B007CBBC4 /* Button-Highlighted.png in Resources */ = {isa = PBXBuildFile; fileRef = BCBA2A7C16ADA20B007CBBC4 /* Button-Highlighted.png */; };
		BCBA2A8616ADA20B007CBBC4 /* Button-Normal.png in Resources */ = {isa = PBXBuildFile; fileRef = BCBA2A7D16ADA20B007CBBC4 /* Button-Normal.png */; };
		BCBA2A8716ADA20B007CBBC4 /* SliderThumb-Highlighted.png in Resources */ = {isa = PBXBuildFile; fileRef = BCBA2A7E16ADA20B007CBBC4 /* SliderThumb-Highlighted.png */; };
		BCBA2A8816ADA20B007CBBC4 /* SliderThumb-Normal.png in Resources */ = {isa = PBXBuildFile; fileRef = BCBA2A7F16ADA20B007CBBC4 /* SliderThumb-Normal.png */; };
		BCBA2A8916ADA20B007CBBC4 /* SliderTrackLeft.png in Resources */ = {isa = PBXBuildFile; fileRef = BCBA2A8016ADA20B007CBBC4 /* SliderTrackLeft.png */; };
		BCBA2A8A16ADA20B007CBBC4 /* SliderTrackRight.png in Resources */ = {isa = PBXBuildFile; fileRef = BCBA2A8116ADA20B007CBBC4 /* SliderTrackRight.png */; };
		BCBA2A8B16ADA20B007CBBC4 /* StartOverButton.png in Resources */ = {isa = PBXBuildFile; fileRef = BCBA2A8216ADA20B007CBBC4 /* StartOverButton.png */; };
		BCBA2A8C16ADA20B007CBBC4 /* StartOverIcon.png in Resources */ = {isa = PBXBuildFile; fileRef = BCBA2A8316ADA20B007CBBC4 /* StartOverIcon.png */; };
/* End PBXBuildFile section */

/* Begin PBXFileReference section */
		BC1BA39C16AB1EF300810E76 /* BullsEye.app */ = {isa = PBXFileReference; explicitFileType = wrapper.application; includeInIndex = 0; path = BullsEye.app; sourceTree = BUILT_PRODUCTS_DIR; };
		BC1BA3A016AB1EF300810E76 /* UIKit.framework */ = {isa = PBXFileReference; lastKnownFileType = wrapper.framework; name = UIKit.framework; path = System/Library/Frameworks/UIKit.framework; sourceTree = SDKROOT; };
		BC1BA3A216AB1EF300810E76 /* Foundation.framework */ = {isa = PBXFileReference; lastKnownFileType = wrapper.framework; name = Foundation.framework; path = System/Library/Frameworks/Foundation.framework; sourceTree = SDKROOT; };
		BC1BA3A416AB1EF300810E76 /* CoreGraphics.framework */ = {isa = PBXFileReference; lastKnownFileType = wrapper.framework; name = CoreGraphics.framework; path = System/Library/Frameworks/CoreGraphics.framework; sourceTree = SDKROOT; };
		BC1BA3A816AB1EF300810E76 /* BullsEye-Info.plist */ = {isa = PBXFileReference; lastKnownFileType = text.plist.xml; path = "BullsEye-Info.plist"; sourceTree = "<group>"; };
		BC1BA3AA16AB1EF300810E76 /* en */ = {isa = PBXFileReference; lastKnownFileType = text.plist.strings; name = en; path = en.lproj/InfoPlist.strings; sourceTree = "<group>"; };
		BC1BA3AC16AB1EF300810E76 /* main.m */ = {isa = PBXFileReference; lastKnownFileType = sourcecode.c.objc; path = main.m; sourceTree = "<group>"; };
		BC1BA3AE16AB1EF300810E76 /* BullsEye-Prefix.pch */ = {isa = PBXFileReference; lastKnownFileType = sourcecode.c.h; path = "BullsEye-Prefix.pch"; sourceTree = "<group>"; };
		BC1BA3AF16AB1EF300810E76 /* BullsEyeAppDelegate.h */ = {isa = PBXFileReference; lastKnownFileType = sourcecode.c.h; path = BullsEyeAppDelegate.h; sourceTree = "<group>"; };
		BC1BA3B016AB1EF300810E76 /* BullsEyeAppDelegate.m */ = {isa = PBXFileReference; lastKnownFileType = sourcecode.c.objc; path = BullsEyeAppDelegate.m; sourceTree = "<group>"; };
		BC1BA3B216AB1EF300810E76 /* Default.png */ = {isa = PBXFileReference; lastKnownFileType = image.png; path = Default.png; sourceTree = "<group>"; };
		BC1BA3B416AB1EF300810E76 /* Default@2x.png */ = {isa = PBXFileReference; lastKnownFileType = image.png; path = "Default@2x.png"; sourceTree = "<group>"; };
		BC1BA3B616AB1EF300810E76 /* Default-568h@2x.png */ = {isa = PBXFileReference; lastKnownFileType = image.png; path = "Default-568h@2x.png"; sourceTree = "<group>"; };
		BC1BA3B816AB1EF300810E76 /* BullsEyeViewController.h */ = {isa = PBXFileReference; lastKnownFileType = sourcecode.c.h; path = BullsEyeViewController.h; sourceTree = "<group>"; };
		BC1BA3B916AB1EF300810E76 /* BullsEyeViewController.m */ = {isa = PBXFileReference; lastKnownFileType = sourcecode.c.objc; path = BullsEyeViewController.m; sourceTree = "<group>"; };
		BC1BA3BC16AB1EF300810E76 /* en */ = {isa = PBXFileReference; lastKnownFileType = file.xib; name = en; path = en.lproj/BullsEyeViewController.xib; sourceTree = "<group>"; };
		BC370AD016AC64F90053F662 /* AboutViewController.h */ = {isa = PBXFileReference; fileEncoding = 4; lastKnownFileType = sourcecode.c.h; path = AboutViewController.h; sourceTree = "<group>"; };
		BC370AD116AC64F90053F662 /* AboutViewController.m */ = {isa = PBXFileReference; fileEncoding = 4; lastKnownFileType = sourcecode.c.objc; path = AboutViewController.m; sourceTree = "<group>"; };
		BC370AD216AC64F90053F662 /* AboutViewController.xib */ = {isa = PBXFileReference; fileEncoding = 4; lastKnownFileType = file.xib; path = AboutViewController.xib; sourceTree = "<group>"; };
		BCBA2A7B16ADA20B007CBBC4 /* Background.png */ = {isa = PBXFileReference; lastKnownFileType = image.png; path = Background.png; sourceTree = "<group>"; };
		BCBA2A7C16ADA20B007CBBC4 /* Button-Highlighted.png */ = {isa = PBXFileReference; lastKnownFileType = image.png; path = "Button-Highlighted.png"; sourceTree = "<group>"; };
		BCBA2A7D16ADA20B007CBBC4 /* Button-Normal.png */ = {isa = PBXFileReference; lastKnownFileType = image.png; path = "Button-Normal.png"; sourceTree = "<group>"; };
		BCBA2A7E16ADA20B007CBBC4 /* SliderThumb-Highlighted.png */ = {isa = PBXFileReference; lastKnownFileType = image.png; path = "SliderThumb-Highlighted.png"; sourceTree = "<group>"; };
		BCBA2A7F16ADA20B007CBBC4 /* SliderThumb-Normal.png */ = {isa = PBXFileReference; lastKnownFileType = image.png; path = "SliderThumb-Normal.png"; sourceTree = "<group>"; };
		BCBA2A8016ADA20B007CBBC4 /* SliderTrackLeft.png */ = {isa = PBXFileReference; lastKnownFileType = image.png; path = SliderTrackLeft.png; sourceTree = "<group>"; };
		BCBA2A8116ADA20B007CBBC4 /* SliderTrackRight.png */ = {isa = PBXFileReference; lastKnownFileType = image.png; path = SliderTrackRight.png; sourceTree = "<group>"; };
		BCBA2A8216ADA20B007CBBC4 /* StartOverButton.png */ = {isa = PBXFileReference; lastKnownFileType = image.png; path = StartOverButton.png; sourceTree = "<group>"; };
		BCBA2A8316ADA20B007CBBC4 /* StartOverIcon.png */ = {isa = PBXFileReference; lastKnownFileType = image.png; path = StartOverIcon.png; sourceTree = "<group>"; };
/* End PBXFileReference section */

/* Begin PBXFrameworksBuildPhase section */
		BC1BA39916AB1EF300810E76 /* Frameworks */ = {
			isa = PBXFrameworksBuildPhase;
			buildActionMask = 2147483647;
			files = (
				BC1BA3A116AB1EF300810E76 /* UIKit.framework in Frameworks */,
				BC1BA3A316AB1EF300810E76 /* Foundation.framework in Frameworks */,
				BC1BA3A516AB1EF300810E76 /* CoreGraphics.framework in Frameworks */,
			);
			runOnlyForDeploymentPostprocessing = 0;
		};
/* End PBXFrameworksBuildPhase section */

/* Begin PBXGroup section */
		BC1BA39116AB1EF300810E76 = {
			isa = PBXGroup;
			children = (
				BCBA2A7A16ADA20B007CBBC4 /* Images */,
				BC1BA3A616AB1EF300810E76 /* BullsEye */,
				BC1BA39F16AB1EF300810E76 /* Frameworks */,
				BC1BA39D16AB1EF300810E76 /* Products */,
			);
			sourceTree = "<group>";
		};
		BC1BA39D16AB1EF300810E76 /* Products */ = {
			isa = PBXGroup;
			children = (
				BC1BA39C16AB1EF300810E76 /* BullsEye.app */,
			);
			name = Products;
			sourceTree = "<group>";
		};
		BC1BA39F16AB1EF300810E76 /* Frameworks */ = {
			isa = PBXGroup;
			children = (
				BC1BA3A016AB1EF300810E76 /* UIKit.framework */,
				BC1BA3A216AB1EF300810E76 /* Foundation.framework */,
				BC1BA3A416AB1EF300810E76 /* CoreGraphics.framework */,
			);
			name = Frameworks;
			sourceTree = "<group>";
		};
		BC1BA3A616AB1EF300810E76 /* BullsEye */ = {
			isa = PBXGroup;
			children = (
				BC1BA3AF16AB1EF300810E76 /* BullsEyeAppDelegate.h */,
				BC1BA3B016AB1EF300810E76 /* BullsEyeAppDelegate.m */,
				BC1BA3B816AB1EF300810E76 /* BullsEyeViewController.h */,
				BC1BA3B916AB1EF300810E76 /* BullsEyeViewController.m */,
				BC1BA3BB16AB1EF300810E76 /* BullsEyeViewController.xib */,
				BC370AD016AC64F90053F662 /* AboutViewController.h */,
				BC370AD116AC64F90053F662 /* AboutViewController.m */,
				BC370AD216AC64F90053F662 /* AboutViewController.xib */,
				BC1BA3A716AB1EF300810E76 /* Supporting Files */,
			);
			path = BullsEye;
			sourceTree = "<group>";
		};
		BC1BA3A716AB1EF300810E76 /* Supporting Files */ = {
			isa = PBXGroup;
			children = (
				BC1BA3A816AB1EF300810E76 /* BullsEye-Info.plist */,
				BC1BA3A916AB1EF300810E76 /* InfoPlist.strings */,
				BC1BA3AC16AB1EF300810E76 /* main.m */,
				BC1BA3AE16AB1EF300810E76 /* BullsEye-Prefix.pch */,
				BC1BA3B216AB1EF300810E76 /* Default.png */,
				BC1BA3B416AB1EF300810E76 /* Default@2x.png */,
				BC1BA3B616AB1EF300810E76 /* Default-568h@2x.png */,
			);
			name = "Supporting Files";
			sourceTree = "<group>";
		};
		BCBA2A7A16ADA20B007CBBC4 /* Images */ = {
			isa = PBXGroup;
			children = (
				BCBA2A7B16ADA20B007CBBC4 /* Background.png */,
				BCBA2A7C16ADA20B007CBBC4 /* Button-Highlighted.png */,
				BCBA2A7D16ADA20B007CBBC4 /* Button-Normal.png */,
				BCBA2A7E16ADA20B007CBBC4 /* SliderThumb-Highlighted.png */,
				BCBA2A7F16ADA20B007CBBC4 /* SliderThumb-Normal.png */,
				BCBA2A8016ADA20B007CBBC4 /* SliderTrackLeft.png */,
				BCBA2A8116ADA20B007CBBC4 /* SliderTrackRight.png */,
				BCBA2A8216ADA20B007CBBC4 /* StartOverButton.png */,
				BCBA2A8316ADA20B007CBBC4 /* StartOverIcon.png */,
			);
			path = Images;
			sourceTree = "<group>";
		};
/* End PBXGroup section */

/* Begin PBXNativeTarget section */
		BC1BA39B16AB1EF300810E76 /* BullsEye */ = {
			isa = PBXNativeTarget;
			buildConfigurationList = BC1BA3C016AB1EF300810E76 /* Build configuration list for PBXNativeTarget "BullsEye" */;
			buildPhases = (
				BC1BA39816AB1EF300810E76 /* Sources */,
				BC1BA39916AB1EF300810E76 /* Frameworks */,
				BC1BA39A16AB1EF300810E76 /* Resources */,
			);
			buildRules = (
			);
			dependencies = (
			);
			name = BullsEye;
			productName = BullsEye;
			productReference = BC1BA39C16AB1EF300810E76 /* BullsEye.app */;
			productType = "com.apple.product-type.application";
		};
/* End PBXNativeTarget section */

/* Begin PBXProject section */
		BC1BA39316AB1EF300810E76 /* Project object */ = {
			isa = PBXProject;
			attributes = {
				CLASSPREFIX = BullsEye;
				LastUpgradeCheck = 0450;
				ORGANIZATIONNAME = "Delta Dog Studios";
			};
			buildConfigurationList = BC1BA39616AB1EF300810E76 /* Build configuration list for PBXProject "BullsEye" */;
			compatibilityVersion = "Xcode 3.2";
			developmentRegion = English;
			hasScannedForEncodings = 0;
			knownRegions = (
				en,
			);
			mainGroup = BC1BA39116AB1EF300810E76;
			productRefGroup = BC1BA39D16AB1EF300810E76 /* Products */;
			projectDirPath = "";
			projectRoot = "";
			targets = (
				BC1BA39B16AB1EF300810E76 /* BullsEye */,
			);
		};
/* End PBXProject section */

/* Begin PBXResourcesBuildPhase section */
		BC1BA39A16AB1EF300810E76 /* Resources */ = {
			isa = PBXResourcesBuildPhase;
			buildActionMask = 2147483647;
			files = (
				BC1BA3AB16AB1EF300810E76 /* InfoPlist.strings in Resources */,
				BC1BA3B316AB1EF300810E76 /* Default.png in Resources */,
				BC1BA3B516AB1EF300810E76 /* Default@2x.png in Resources */,
				BC1BA3B716AB1EF300810E76 /* Default-568h@2x.png in Resources */,
				BC1BA3BD16AB1EF300810E76 /* BullsEyeViewController.xib in Resources */,
				BC370AD416AC64F90053F662 /* AboutViewController.xib in Resources */,
				BCBA2A8416ADA20B007CBBC4 /* Background.png in Resources */,
				BCBA2A8516ADA20B007CBBC4 /* Button-Highlighted.png in Resources */,
				BCBA2A8616ADA20B007CBBC4 /* Button-Normal.png in Resources */,
				BCBA2A8716ADA20B007CBBC4 /* SliderThumb-Highlighted.png in Resources */,
				BCBA2A8816ADA20B007CBBC4 /* SliderThumb-Normal.png in Resources */,
				BCBA2A8916ADA20B007CBBC4 /* SliderTrackLeft.png in Resources */,
				BCBA2A8A16ADA20B007CBBC4 /* SliderTrackRight.png in Resources */,
				BCBA2A8B16ADA20B007CBBC4 /* StartOverButton.png in Resources */,
				BCBA2A8C16ADA20B007CBBC4 /* StartOverIcon.png in Resources */,
			);
			runOnlyForDeploymentPostprocessing = 0;
		};
/* End PBXResourcesBuildPhase section */

/* Begin PBXSourcesBuildPhase section */
		BC1BA39816AB1EF300810E76 /* Sources */ = {
			isa = PBXSourcesBuildPhase;
			buildActionMask = 2147483647;
			files = (
				BC1BA3AD16AB1EF300810E76 /* main.m in Sources */,
				BC1BA3B116AB1EF300810E76 /* BullsEyeAppDelegate.m in Sources */,
				BC1BA3BA16AB1EF300810E76 /* BullsEyeViewController.m in Sources */,
				BC370AD316AC64F90053F662 /* AboutViewController.m in Sources */,
			);
			runOnlyForDeploymentPostprocessing = 0;
		};
/* End PBXSourcesBuildPhase section */

/* Begin PBXVariantGroup section */
		BC1BA3A916AB1EF300810E76 /* InfoPlist.strings */ = {
			isa = PBXVariantGroup;
			children = (
				BC1BA3AA16AB1EF300810E76 /* en */,
			);
			name = InfoPlist.strings;
			sourceTree = "<group>";
		};
		BC1BA3BB16AB1EF300810E76 /* BullsEyeViewController.xib */ = {
			isa = PBXVariantGroup;
			children = (
				BC1BA3BC16AB1EF300810E76 /* en */,
			);
			name = BullsEyeViewController.xib;
			sourceTree = "<group>";
		};
/* End PBXVariantGroup section */

/* Begin XCBuildConfiguration section */
		BC1BA3BE16AB1EF300810E76 /* Debug */ = {
			isa = XCBuildConfiguration;
			buildSettings = {
				ALWAYS_SEARCH_USER_PATHS = NO;
				CLANG_CXX_LANGUAGE_STANDARD = "gnu++0x";
				CLANG_CXX_LIBRARY = "libc++";
				CLANG_ENABLE_OBJC_ARC = YES;
				CLANG_WARN_EMPTY_BODY = YES;
				CLANG_WARN__DUPLICATE_METHOD_MATCH = YES;
				"CODE_SIGN_IDENTITY[sdk=iphoneos*]" = "iPhone Developer";
				COPY_PHASE_STRIP = NO;
				GCC_C_LANGUAGE_STANDARD = gnu99;
				GCC_DYNAMIC_NO_PIC = NO;
				GCC_OPTIMIZATION_LEVEL = 0;
				GCC_PREPROCESSOR_DEFINITIONS = (
					"DEBUG=1",
					"$(inherited)",
				);
				GCC_SYMBOLS_PRIVATE_EXTERN = NO;
				GCC_WARN_ABOUT_RETURN_TYPE = YES;
				GCC_WARN_UNINITIALIZED_AUTOS = YES;
				GCC_WARN_UNUSED_VARIABLE = YES;
				IPHONEOS_DEPLOYMENT_TARGET = 6.0;
				ONLY_ACTIVE_ARCH = YES;
				SDKROOT = iphoneos;
			};
			name = Debug;
		};
		BC1BA3BF16AB1EF300810E76 /* Release */ = {
			isa = XCBuildConfiguration;
			buildSettings = {
				ALWAYS_SEARCH_USER_PATHS = NO;
				CLANG_CXX_LANGUAGE_STANDARD = "gnu++0x";
				CLANG_CXX_LIBRARY = "libc++";
				CLANG_ENABLE_OBJC_ARC = YES;
				CLANG_WARN_EMPTY_BODY = YES;
				CLANG_WARN__DUPLICATE_METHOD_MATCH = YES;
				"CODE_SIGN_IDENTITY[sdk=iphoneos*]" = "iPhone Developer";
				COPY_PHASE_STRIP = YES;
				GCC_C_LANGUAGE_STANDARD = gnu99;
				GCC_WARN_ABOUT_RETURN_TYPE = YES;
				GCC_WARN_UNINITIALIZED_AUTOS = YES;
				GCC_WARN_UNUSED_VARIABLE = YES;
				IPHONEOS_DEPLOYMENT_TARGET = 6.0;
				OTHER_CFLAGS = "-DNS_BLOCK_ASSERTIONS=1";
				SDKROOT = iphoneos;
				VALIDATE_PRODUCT = YES;
			};
			name = Release;
		};
		BC1BA3C116AB1EF300810E76 /* Debug */ = {
			isa = XCBuildConfiguration;
			buildSettings = {
				GCC_PRECOMPILE_PREFIX_HEADER = YES;
				GCC_PREFIX_HEADER = "BullsEye/BullsEye-Prefix.pch";
				INFOPLIST_FILE = "BullsEye/BullsEye-Info.plist";
				IPHONEOS_DEPLOYMENT_TARGET = 5.0;
				PRODUCT_NAME = "$(TARGET_NAME)";
				WRAPPER_EXTENSION = app;
			};
			name = Debug;
		};
		BC1BA3C216AB1EF300810E76 /* Release */ = {
			isa = XCBuildConfiguration;
			buildSettings = {
				GCC_PRECOMPILE_PREFIX_HEADER = YES;
				GCC_PREFIX_HEADER = "BullsEye/BullsEye-Prefix.pch";
				INFOPLIST_FILE = "BullsEye/BullsEye-Info.plist";
				IPHONEOS_DEPLOYMENT_TARGET = 5.0;
				PRODUCT_NAME = "$(TARGET_NAME)";
				WRAPPER_EXTENSION = app;
			};
			name = Release;
		};
/* End XCBuildConfiguration section */

/* Begin XCConfigurationList section */
		BC1BA39616AB1EF300810E76 /* Build configuration list for PBXProject "BullsEye" */ = {
			isa = XCConfigurationList;
			buildConfigurations = (
				BC1BA3BE16AB1EF300810E76 /* Debug */,
				BC1BA3BF16AB1EF300810E76 /* Release */,
			);
			defaultConfigurationIsVisible = 0;
			defaultConfigurationName = Release;
		};
		BC1BA3C016AB1EF300810E76 /* Build configuration list for PBXNativeTarget "BullsEye" */ = {
			isa = XCConfigurationList;
			buildConfigurations = (
				BC1BA3C116AB1EF300810E76 /* Debug */,
				BC1BA3C216AB1EF300810E76 /* Release */,
			);
			defaultConfigurationIsVisible = 0;
			defaultConfigurationName = Release;
		};
/* End XCConfigurationList section */
	};
	rootObject = BC1BA39316AB1EF300810E76 /* Project object */;
}
